// !$*UTF8*$!
{
	archiveVersion = 1;
	classes = {
	};
	objectVersion = 50;
	objects = {

/* Begin PBXBuildFile section */
		F7EE9B9725071A1E00D54CEA /* AppDelegate.swift in Sources */ = {isa = PBXBuildFile; fileRef = F7EE9B9625071A1E00D54CEA /* AppDelegate.swift */; };
		F7EE9B9925071A1E00D54CEA /* SceneDelegate.swift in Sources */ = {isa = PBXBuildFile; fileRef = F7EE9B9825071A1E00D54CEA /* SceneDelegate.swift */; };
		F7EE9B9B25071A1E00D54CEA /* ViewController.swift in Sources */ = {isa = PBXBuildFile; fileRef = F7EE9B9A25071A1E00D54CEA /* ViewController.swift */; };
		F7EE9B9E25071A1E00D54CEA /* Main.storyboard in Resources */ = {isa = PBXBuildFile; fileRef = F7EE9B9C25071A1E00D54CEA /* Main.storyboard */; };
		F7EE9BA025071A2100D54CEA /* Assets.xcassets in Resources */ = {isa = PBXBuildFile; fileRef = F7EE9B9F25071A2100D54CEA /* Assets.xcassets */; };
		F7EE9BA325071A2100D54CEA /* LaunchScreen.storyboard in Resources */ = {isa = PBXBuildFile; fileRef = F7EE9BA125071A2100D54CEA /* LaunchScreen.storyboard */; };
/* End PBXBuildFile section */

/* Begin PBXFileReference section */
		F7EE9B9325071A1E00D54CEA /* ryuuApp.app */ = {isa = PBXFileReference; explicitFileType = wrapper.application; includeInIndex = 0; path = ryuuApp.app; sourceTree = BUILT_PRODUCTS_DIR; };
		F7EE9B9625071A1E00D54CEA /* AppDelegate.swift */ = {isa = PBXFileReference; lastKnownFileType = sourcecode.swift; path = AppDelegate.swift; sourceTree = "<group>"; };
		F7EE9B9825071A1E00D54CEA /* SceneDelegate.swift */ = {isa = PBXFileReference; lastKnownFileType = sourcecode.swift; path = SceneDelegate.swift; sourceTree = "<group>"; };
		F7EE9B9A25071A1E00D54CEA /* ViewController.swift */ = {isa = PBXFileReference; lastKnownFileType = sourcecode.swift; path = ViewController.swift; sourceTree = "<group>"; };
		F7EE9B9D25071A1E00D54CEA /* Base */ = {isa = PBXFileReference; lastKnownFileType = file.storyboard; name = Base; path = Base.lproj/Main.storyboard; sourceTree = "<group>"; };
		F7EE9B9F25071A2100D54CEA /* Assets.xcassets */ = {isa = PBXFileReference; lastKnownFileType = folder.assetcatalog; path = Assets.xcassets; sourceTree = "<group>"; };
		F7EE9BA225071A2100D54CEA /* Base */ = {isa = PBXFileReference; lastKnownFileType = file.storyboard; name = Base; path = Base.lproj/LaunchScreen.storyboard; sourceTree = "<group>"; };
		F7EE9BA425071A2100D54CEA /* Info.plist */ = {isa = PBXFileReference; lastKnownFileType = text.plist.xml; path = Info.plist; sourceTree = "<group>"; };
/* End PBXFileReference section */

/* Begin PBXFrameworksBuildPhase section */
		F7EE9B9025071A1E00D54CEA /* Frameworks */ = {
			isa = PBXFrameworksBuildPhase;
			buildActionMask = 2147483647;
			files = (
			);
			runOnlyForDeploymentPostprocessing = 0;
		};
/* End PBXFrameworksBuildPhase section */

/* Begin PBXGroup section */
		F7EE9B8A25071A1E00D54CEA = {
			isa = PBXGroup;
			children = (
				F7EE9B9525071A1E00D54CEA /* ryuuApp */,
				F7EE9B9425071A1E00D54CEA /* Products */,
			);
			sourceTree = "<group>";
		};
		F7EE9B9425071A1E00D54CEA /* Products */ = {
			isa = PBXGroup;
			children = (
				F7EE9B9325071A1E00D54CEA /* ryuuApp.app */,
			);
			name = Products;
			sourceTree = "<group>";
		};
		F7EE9B9525071A1E00D54CEA /* ryuuApp */ = {
			isa = PBXGroup;
			children = (
				F7EE9B9625071A1E00D54CEA /* AppDelegate.swift */,
				F7EE9B9825071A1E00D54CEA /* SceneDelegate.swift */,
				F7EE9B9A25071A1E00D54CEA /* ViewController.swift */,
				F7EE9B9C25071A1E00D54CEA /* Main.storyboard */,
				F7EE9B9F25071A2100D54CEA /* Assets.xcassets */,
				F7EE9BA125071A2100D54CEA /* LaunchScreen.storyboard */,
				F7EE9BA425071A2100D54CEA /* Info.plist */,
			);
			path = ryuuApp;
			sourceTree = "<group>";
		};
/* End PBXGroup section */

/* Begin PBXNativeTarget section */
		F7EE9B9225071A1E00D54CEA /* ryuuApp */ = {
			isa = PBXNativeTarget;
			buildConfigurationList = F7EE9BA725071A2100D54CEA /* Build configuration list for PBXNativeTarget "ryuuApp" */;
			buildPhases = (
				F7EE9B8F25071A1E00D54CEA /* Sources */,
				F7EE9B9025071A1E00D54CEA /* Frameworks */,
				F7EE9B9125071A1E00D54CEA /* Resources */,
			);
			buildRules = (
			);
			dependencies = (
			);
			name = ryuuApp;
			productName = ryuuApp;
			productReference = F7EE9B9325071A1E00D54CEA /* ryuuApp.app */;
			productType = "com.apple.product-type.application";
		};
/* End PBXNativeTarget section */

/* Begin PBXProject section */
		F7EE9B8B25071A1E00D54CEA /* Project object */ = {
			isa = PBXProject;
			attributes = {
				LastSwiftUpdateCheck = 1170;
				LastUpgradeCheck = 1170;
				ORGANIZATIONNAME = kaneko.com;
				TargetAttributes = {
					F7EE9B9225071A1E00D54CEA = {
						CreatedOnToolsVersion = 11.7;
					};
				};
			};
			buildConfigurationList = F7EE9B8E25071A1E00D54CEA /* Build configuration list for PBXProject "ryuuApp" */;
			compatibilityVersion = "Xcode 9.3";
			developmentRegion = en;
			hasScannedForEncodings = 0;
			knownRegions = (
				en,
				Base,
			);
			mainGroup = F7EE9B8A25071A1E00D54CEA;
			productRefGroup = F7EE9B9425071A1E00D54CEA /* Products */;
			projectDirPath = "";
			projectRoot = "";
			targets = (
				F7EE9B9225071A1E00D54CEA /* ryuuApp */,
			);
		};
/* End PBXProject section */

/* Begin PBXResourcesBuildPhase section */
		F7EE9B9125071A1E00D54CEA /* Resources */ = {
			isa = PBXResourcesBuildPhase;
			buildActionMask = 2147483647;
			files = (
				F7EE9BA325071A2100D54CEA /* LaunchScreen.storyboard in Resources */,
				F7EE9BA025071A2100D54CEA /* Assets.xcassets in Resources */,
				F7EE9B9E25071A1E00D54CEA /* Main.storyboard in Resources */,
			);
			runOnlyForDeploymentPostprocessing = 0;
		};
/* End PBXResourcesBuildPhase section */

/* Begin PBXSourcesBuildPhase section */
		F7EE9B8F25071A1E00D54CEA /* Sources */ = {
			isa = PBXSourcesBuildPhase;
			buildActionMask = 2147483647;
			files = (
				F7EE9B9B25071A1E00D54CEA /* ViewController.swift in Sources */,
				F7EE9B9725071A1E00D54CEA /* AppDelegate.swift in Sources */,
				F7EE9B9925071A1E00D54CEA /* SceneDelegate.swift in Sources */,
			);
			runOnlyForDeploymentPostprocessing = 0;
		};
/* End PBXSourcesBuildPhase section */

/* Begin PBXVariantGroup section */
		F7EE9B9C25071A1E00D54CEA /* Main.storyboard */ = {
			isa = PBXVariantGroup;
			children = (
				F7EE9B9D25071A1E00D54CEA /* Base */,
			);
			name = Main.storyboard;
			sourceTree = "<group>";
		};
		F7EE9BA125071A2100D54CEA /* LaunchScreen.storyboard */ = {
			isa = PBXVariantGroup;
			children = (
				F7EE9BA225071A2100D54CEA /* Base */,
			);
			name = LaunchScreen.storyboard;
			sourceTree = "<group>";
		};
/* End PBXVariantGroup section */

/* Begin XCBuildConfiguration section */
		F7EE9BA525071A2100D54CEA /* Debug */ = {
			isa = XCBuildConfiguration;
			buildSettings = {
				ALWAYS_SEARCH_USER_PATHS = NO;
				CLANG_ANALYZER_NONNULL = YES;
				CLANG_ANALYZER_NUMBER_OBJECT_CONVERSION = YES_AGGRESSIVE;
				CLANG_CXX_LANGUAGE_STANDARD = "gnu++14";
				CLANG_CXX_LIBRARY = "libc++";
				CLANG_ENABLE_MODULES = YES;
				CLANG_ENABLE_OBJC_ARC = YES;
				CLANG_ENABLE_OBJC_WEAK = YES;
				CLANG_WARN_BLOCK_CAPTURE_AUTORELEASING = YES;
				CLANG_WARN_BOOL_CONVERSION = YES;
				CLANG_WARN_COMMA = YES;
				CLANG_WARN_CONSTANT_CONVERSION = YES;
				CLANG_WARN_DEPRECATED_OBJC_IMPLEMENTATIONS = YES;
				CLANG_WARN_DIRECT_OBJC_ISA_USAGE = YES_ERROR;
				CLANG_WARN_DOCUMENTATION_COMMENTS = YES;
				CLANG_WARN_EMPTY_BODY = YES;
				CLANG_WARN_ENUM_CONVERSION = YES;
				CLANG_WARN_INFINITE_RECURSION = YES;
				CLANG_WARN_INT_CONVERSION = YES;
				CLANG_WARN_NON_LITERAL_NULL_CONVERSION = YES;
				CLANG_WARN_OBJC_IMPLICIT_RETAIN_SELF = YES;
				CLANG_WARN_OBJC_LITERAL_CONVERSION = YES;
				CLANG_WARN_OBJC_ROOT_CLASS = YES_ERROR;
				CLANG_WARN_RANGE_LOOP_ANALYSIS = YES;
				CLANG_WARN_STRICT_PROTOTYPES = YES;
				CLANG_WARN_SUSPICIOUS_MOVE = YES;
				CLANG_WARN_UNGUARDED_AVAILABILITY = YES_AGGRESSIVE;
				CLANG_WARN_UNREACHABLE_CODE = YES;
				CLANG_WARN__DUPLICATE_METHOD_MATCH = YES;
				COPY_PHASE_STRIP = NO;
				DEBUG_INFORMATION_FORMAT = dwarf;
				ENABLE_STRICT_OBJC_MSGSEND = YES;
				ENABLE_TESTABILITY = YES;
				GCC_C_LANGUAGE_STANDARD = gnu11;
				GCC_DYNAMIC_NO_PIC = NO;
				GCC_NO_COMMON_BLOCKS = YES;
				GCC_OPTIMIZATION_LEVEL = 0;
				GCC_PREPROCESSOR_DEFINITIONS = (
					"DEBUG=1",
					"$(inherited)",
				);
				GCC_WARN_64_TO_32_BIT_CONVERSION = YES;
				GCC_WARN_ABOUT_RETURN_TYPE = YES_ERROR;
				GCC_WARN_UNDECLARED_SELECTOR = YES;
				GCC_WARN_UNINITIALIZED_AUTOS = YES_AGGRESSIVE;
				GCC_WARN_UNUSED_FUNCTION = YES;
				GCC_WARN_UNUSED_VARIABLE = YES;
				IPHONEOS_DEPLOYMENT_TARGET = 13.7;
				MTL_ENABLE_DEBUG_INFO = INCLUDE_SOURCE;
				MTL_FAST_MATH = YES;
				ONLY_ACTIVE_ARCH = YES;
				SDKROOT = iphoneos;
				SWIFT_ACTIVE_COMPILATION_CONDITIONS = DEBUG;
				SWIFT_OPTIMIZATION_LEVEL = "-Onone";
			};
			name = Debug;
		};
		F7EE9BA625071A2100D54CEA /* Release */ = {
			isa = XCBuildConfiguration;
			buildSettings = {
				ALWAYS_SEARCH_USER_PATHS = NO;
				CLANG_ANALYZER_NONNULL = YES;
				CLANG_ANALYZER_NUMBER_OBJECT_CONVERSION = YES_AGGRESSIVE;
				CLANG_CXX_LANGUAGE_STANDARD = "gnu++14";
				CLANG_CXX_LIBRARY = "libc++";
				CLANG_ENABLE_MODULES = YES;
				CLANG_ENABLE_OBJC_ARC = YES;
				CLANG_ENABLE_OBJC_WEAK = YES;
				CLANG_WARN_BLOCK_CAPTURE_AUTORELEASING = YES;
				CLANG_WARN_BOOL_CONVERSION = YES;
				CLANG_WARN_COMMA = YES;
				CLANG_WARN_CONSTANT_CONVERSION = YES;
				CLANG_WARN_DEPRECATED_OBJC_IMPLEMENTATIONS = YES;
				CLANG_WARN_DIRECT_OBJC_ISA_USAGE = YES_ERROR;
				CLANG_WARN_DOCUMENTATION_COMMENTS = YES;
				CLANG_WARN_EMPTY_BODY = YES;
				CLANG_WARN_ENUM_CONVERSION = YES;
				CLANG_WARN_INFINITE_RECURSION = YES;
				CLANG_WARN_INT_CONVERSION = YES;
				CLANG_WARN_NON_LITERAL_NULL_CONVERSION = YES;
				CLANG_WARN_OBJC_IMPLICIT_RETAIN_SELF = YES;
				CLANG_WARN_OBJC_LITERAL_CONVERSION = YES;
				CLANG_WARN_OBJC_ROOT_CLASS = YES_ERROR;
				CLANG_WARN_RANGE_LOOP_ANALYSIS = YES;
				CLANG_WARN_STRICT_PROTOTYPES = YES;
				CLANG_WARN_SUSPICIOUS_MOVE = YES;
				CLANG_WARN_UNGUARDED_AVAILABILITY = YES_AGGRESSIVE;
				CLANG_WARN_UNREACHABLE_CODE = YES;
				CLANG_WARN__DUPLICATE_METHOD_MATCH = YES;
				COPY_PHASE_STRIP = NO;
				DEBUG_INFORMATION_FORMAT = "dwarf-with-dsym";
				ENABLE_NS_ASSERTIONS = NO;
				ENABLE_STRICT_OBJC_MSGSEND = YES;
				GCC_C_LANGUAGE_STANDARD = gnu11;
				GCC_NO_COMMON_BLOCKS = YES;
				GCC_WARN_64_TO_32_BIT_CONVERSION = YES;
				GCC_WARN_ABOUT_RETURN_TYPE = YES_ERROR;
				GCC_WARN_UNDECLARED_SELECTOR = YES;
				GCC_WARN_UNINITIALIZED_AUTOS = YES_AGGRESSIVE;
				GCC_WARN_UNUSED_FUNCTION = YES;
				GCC_WARN_UNUSED_VARIABLE = YES;
				IPHONEOS_DEPLOYMENT_TARGET = 13.7;
				MTL_ENABLE_DEBUG_INFO = NO;
				MTL_FAST_MATH = YES;
				SDKROOT = iphoneos;
				SWIFT_COMPILATION_MODE = wholemodule;
				SWIFT_OPTIMIZATION_LEVEL = "-O";
				VALIDATE_PRODUCT = YES;
			};
			name = Release;
		};
		F7EE9BA825071A2100D54CEA /* Debug */ = {
			isa = XCBuildConfiguration;
			buildSettings = {
				ASSETCATALOG_COMPILER_APPICON_NAME = AppIcon;
				CODE_SIGN_STYLE = Automatic;
				INFOPLIST_FILE = ryuuApp/Info.plist;
				LD_RUNPATH_SEARCH_PATHS = (
					"$(inherited)",
					"@executable_path/Frameworks",
				);
				PRODUCT_BUNDLE_IDENTIFIER = com.kaneko.ryuuApp;
				PRODUCT_NAME = "$(TARGET_NAME)";
				SWIFT_VERSION = 5.0;
				TARGETED_DEVICE_FAMILY = "1,2";
			};
			name = Debug;
		};
		F7EE9BA925071A2100D54CEA /* Release */ = {
			isa = XCBuildConfiguration;
			buildSettings = {
				ASSETCATALOG_COMPILER_APPICON_NAME = AppIcon;
				CODE_SIGN_STYLE = Automatic;
				INFOPLIST_FILE = ryuuApp/Info.plist;
				LD_RUNPATH_SEARCH_PATHS = (
					"$(inherited)",
					"@executable_path/Frameworks",
				);
				PRODUCT_BUNDLE_IDENTIFIER = com.kaneko.ryuuApp;
				PRODUCT_NAME = "$(TARGET_NAME)";
				SWIFT_VERSION = 5.0;
				TARGETED_DEVICE_FAMILY = "1,2";
			};
			name = Release;
		};
/* End XCBuildConfiguration section */

/* Begin XCConfigurationList section */
		F7EE9B8E25071A1E00D54CEA /* Build configuration list for PBXProject "ryuuApp" */ = {
			isa = XCConfigurationList;
			buildConfigurations = (
				F7EE9BA525071A2100D54CEA /* Debug */,
				F7EE9BA625071A2100D54CEA /* Release */,
			);
			defaultConfigurationIsVisible = 0;
			defaultConfigurationName = Release;
		};
		F7EE9BA725071A2100D54CEA /* Build configuration list for PBXNativeTarget "ryuuApp" */ = {
			isa = XCConfigurationList;
			buildConfigurations = (
				F7EE9BA825071A2100D54CEA /* Debug */,
				F7EE9BA925071A2100D54CEA /* Release */,
			);
			defaultConfigurationIsVisible = 0;
			defaultConfigurationName = Release;
		};
/* End XCConfigurationList section */
	};
	rootObject = F7EE9B8B25071A1E00D54CEA /* Project object */;
}
